// !$*UTF8*$!
{
	archiveVersion = 1;
	classes = {
	};
	objectVersion = 55;
	objects = {

/* Begin PBXBuildFile section */
		C37412C928F79B3F00EEC1CA /* UIImageView+ThumbnailImage.swift in Sources */ = {isa = PBXBuildFile; fileRef = C37412C828F79B3F00EEC1CA /* UIImageView+ThumbnailImage.swift */; };
		C390BC4D28F238B9004336C4 /* AppDelegate.swift in Sources */ = {isa = PBXBuildFile; fileRef = C390BC4C28F238B9004336C4 /* AppDelegate.swift */; };
		C390BC4F28F238B9004336C4 /* SceneDelegate.swift in Sources */ = {isa = PBXBuildFile; fileRef = C390BC4E28F238B9004336C4 /* SceneDelegate.swift */; };
		C390BC5128F238B9004336C4 /* WelcomeViewController.swift in Sources */ = {isa = PBXBuildFile; fileRef = C390BC5028F238B9004336C4 /* WelcomeViewController.swift */; };
		C390BC5428F238B9004336C4 /* Main.storyboard in Resources */ = {isa = PBXBuildFile; fileRef = C390BC5228F238B9004336C4 /* Main.storyboard */; };
		C390BC5728F238B9004336C4 /* Dogs.xcdatamodeld in Sources */ = {isa = PBXBuildFile; fileRef = C390BC5528F238B9004336C4 /* Dogs.xcdatamodeld */; };
		C390BC5928F238BB004336C4 /* Assets.xcassets in Resources */ = {isa = PBXBuildFile; fileRef = C390BC5828F238BB004336C4 /* Assets.xcassets */; };
		C390BC5C28F238BB004336C4 /* LaunchScreen.storyboard in Resources */ = {isa = PBXBuildFile; fileRef = C390BC5A28F238BB004336C4 /* LaunchScreen.storyboard */; };
		C390BC6928F23E24004336C4 /* NetworkEngine.swift in Sources */ = {isa = PBXBuildFile; fileRef = C390BC6828F23E24004336C4 /* NetworkEngine.swift */; };
		C390BC6B28F23F7A004336C4 /* Endpoint.swift in Sources */ = {isa = PBXBuildFile; fileRef = C390BC6A28F23F7A004336C4 /* Endpoint.swift */; };
		C390BC6D28F2420F004336C4 /* DogEndpoint.swift in Sources */ = {isa = PBXBuildFile; fileRef = C390BC6C28F2420F004336C4 /* DogEndpoint.swift */; };
		C390BC6F28F2965B004336C4 /* ResponseModels.swift in Sources */ = {isa = PBXBuildFile; fileRef = C390BC6E28F2965B004336C4 /* ResponseModels.swift */; };
		C390BC7228F2DCF3004336C4 /* Localizable.strings in Resources */ = {isa = PBXBuildFile; fileRef = C390BC7428F2DCF3004336C4 /* Localizable.strings */; };
		C3A9525C2900E995006853AE /* BreedTableViewCell.swift in Sources */ = {isa = PBXBuildFile; fileRef = C3A9525A2900E995006853AE /* BreedTableViewCell.swift */; };
		C3A9525D2900E995006853AE /* BreedTableViewCell.xib in Resources */ = {isa = PBXBuildFile; fileRef = C3A9525B2900E995006853AE /* BreedTableViewCell.xib */; };
		C3B0971428F30FD5002104F0 /* Constants.swift in Sources */ = {isa = PBXBuildFile; fileRef = C3B0971328F30FD5002104F0 /* Constants.swift */; };
		C3B0971828F31247002104F0 /* BreedsTableViewController.swift in Sources */ = {isa = PBXBuildFile; fileRef = C3B0971728F31247002104F0 /* BreedsTableViewController.swift */; };
		C3B0971D28F39103002104F0 /* BreedImagesTableViewController.swift in Sources */ = {isa = PBXBuildFile; fileRef = C3B0971C28F39103002104F0 /* BreedImagesTableViewController.swift */; };
		C3FA234B28FA2D6100631EED /* BreedImageViewCell.swift in Sources */ = {isa = PBXBuildFile; fileRef = C3FA234928FA2D6100631EED /* BreedImageViewCell.swift */; };
		C3FA234C28FA2D6100631EED /* BreedImageViewCell.xib in Resources */ = {isa = PBXBuildFile; fileRef = C3FA234A28FA2D6100631EED /* BreedImageViewCell.xib */; };
		C3FA234F28FA425E00631EED /* ManageFavourites.swift in Sources */ = {isa = PBXBuildFile; fileRef = C3FA234E28FA425E00631EED /* ManageFavourites.swift */; };
		C3FA235128FA7AEA00631EED /* Breed.swift in Sources */ = {isa = PBXBuildFile; fileRef = C3FA235028FA7AEA00631EED /* Breed.swift */; };
		C3FA235328FB85E600631EED /* FavouriteBreedsTableViewController.swift in Sources */ = {isa = PBXBuildFile; fileRef = C3FA235228FB85E600631EED /* FavouriteBreedsTableViewController.swift */; };
/* End PBXBuildFile section */

/* Begin PBXFileReference section */
		C37412C828F79B3F00EEC1CA /* UIImageView+ThumbnailImage.swift */ = {isa = PBXFileReference; lastKnownFileType = sourcecode.swift; path = "UIImageView+ThumbnailImage.swift"; sourceTree = "<group>"; };
		C390BC4928F238B9004336C4 /* Dogs.app */ = {isa = PBXFileReference; explicitFileType = wrapper.application; includeInIndex = 0; path = Dogs.app; sourceTree = BUILT_PRODUCTS_DIR; };
		C390BC4C28F238B9004336C4 /* AppDelegate.swift */ = {isa = PBXFileReference; lastKnownFileType = sourcecode.swift; path = AppDelegate.swift; sourceTree = "<group>"; };
		C390BC4E28F238B9004336C4 /* SceneDelegate.swift */ = {isa = PBXFileReference; lastKnownFileType = sourcecode.swift; path = SceneDelegate.swift; sourceTree = "<group>"; };
		C390BC5028F238B9004336C4 /* WelcomeViewController.swift */ = {isa = PBXFileReference; lastKnownFileType = sourcecode.swift; path = WelcomeViewController.swift; sourceTree = "<group>"; };
		C390BC5328F238B9004336C4 /* Base */ = {isa = PBXFileReference; lastKnownFileType = file.storyboard; name = Base; path = Base.lproj/Main.storyboard; sourceTree = "<group>"; };
		C390BC5628F238B9004336C4 /* Dogs.xcdatamodel */ = {isa = PBXFileReference; lastKnownFileType = wrapper.xcdatamodel; path = Dogs.xcdatamodel; sourceTree = "<group>"; };
		C390BC5828F238BB004336C4 /* Assets.xcassets */ = {isa = PBXFileReference; lastKnownFileType = folder.assetcatalog; path = Assets.xcassets; sourceTree = "<group>"; };
		C390BC5B28F238BB004336C4 /* Base */ = {isa = PBXFileReference; lastKnownFileType = file.storyboard; name = Base; path = Base.lproj/LaunchScreen.storyboard; sourceTree = "<group>"; };
		C390BC5D28F238BB004336C4 /* Info.plist */ = {isa = PBXFileReference; lastKnownFileType = text.plist.xml; path = Info.plist; sourceTree = "<group>"; };
		C390BC6828F23E24004336C4 /* NetworkEngine.swift */ = {isa = PBXFileReference; lastKnownFileType = sourcecode.swift; path = NetworkEngine.swift; sourceTree = "<group>"; };
		C390BC6A28F23F7A004336C4 /* Endpoint.swift */ = {isa = PBXFileReference; lastKnownFileType = sourcecode.swift; path = Endpoint.swift; sourceTree = "<group>"; };
		C390BC6C28F2420F004336C4 /* DogEndpoint.swift */ = {isa = PBXFileReference; lastKnownFileType = sourcecode.swift; path = DogEndpoint.swift; sourceTree = "<group>"; };
		C390BC6E28F2965B004336C4 /* ResponseModels.swift */ = {isa = PBXFileReference; lastKnownFileType = sourcecode.swift; path = ResponseModels.swift; sourceTree = "<group>"; };
		C390BC7328F2DCF3004336C4 /* en */ = {isa = PBXFileReference; lastKnownFileType = text.plist.strings; name = en; path = en.lproj/Localizable.strings; sourceTree = "<group>"; };
		C390BC7528F2DDA1004336C4 /* fr */ = {isa = PBXFileReference; lastKnownFileType = text.plist.strings; name = fr; path = fr.lproj/Main.strings; sourceTree = "<group>"; };
		C390BC7628F2DDA1004336C4 /* fr */ = {isa = PBXFileReference; lastKnownFileType = text.plist.strings; name = fr; path = fr.lproj/LaunchScreen.strings; sourceTree = "<group>"; };
		C390BC7728F2DDA1004336C4 /* fr */ = {isa = PBXFileReference; lastKnownFileType = text.plist.strings; name = fr; path = fr.lproj/Localizable.strings; sourceTree = "<group>"; };
		C3A9525A2900E995006853AE /* BreedTableViewCell.swift */ = {isa = PBXFileReference; lastKnownFileType = sourcecode.swift; path = BreedTableViewCell.swift; sourceTree = "<group>"; };
		C3A9525B2900E995006853AE /* BreedTableViewCell.xib */ = {isa = PBXFileReference; lastKnownFileType = file.xib; path = BreedTableViewCell.xib; sourceTree = "<group>"; };
		C3B0971328F30FD5002104F0 /* Constants.swift */ = {isa = PBXFileReference; lastKnownFileType = sourcecode.swift; path = Constants.swift; sourceTree = "<group>"; };
		C3B0971728F31247002104F0 /* BreedsTableViewController.swift */ = {isa = PBXFileReference; lastKnownFileType = sourcecode.swift; path = BreedsTableViewController.swift; sourceTree = "<group>"; };
		C3B0971C28F39103002104F0 /* BreedImagesTableViewController.swift */ = {isa = PBXFileReference; lastKnownFileType = sourcecode.swift; path = BreedImagesTableViewController.swift; sourceTree = "<group>"; };
		C3FA234928FA2D6100631EED /* BreedImageViewCell.swift */ = {isa = PBXFileReference; lastKnownFileType = sourcecode.swift; path = BreedImageViewCell.swift; sourceTree = "<group>"; };
		C3FA234A28FA2D6100631EED /* BreedImageViewCell.xib */ = {isa = PBXFileReference; lastKnownFileType = file.xib; path = BreedImageViewCell.xib; sourceTree = "<group>"; };
		C3FA234E28FA425E00631EED /* ManageFavourites.swift */ = {isa = PBXFileReference; lastKnownFileType = sourcecode.swift; path = ManageFavourites.swift; sourceTree = "<group>"; };
		C3FA235028FA7AEA00631EED /* Breed.swift */ = {isa = PBXFileReference; lastKnownFileType = sourcecode.swift; path = Breed.swift; sourceTree = "<group>"; };
		C3FA235228FB85E600631EED /* FavouriteBreedsTableViewController.swift */ = {isa = PBXFileReference; lastKnownFileType = sourcecode.swift; path = FavouriteBreedsTableViewController.swift; sourceTree = "<group>"; };
/* End PBXFileReference section */

/* Begin PBXFrameworksBuildPhase section */
		C390BC4628F238B9004336C4 /* Frameworks */ = {
			isa = PBXFrameworksBuildPhase;
			buildActionMask = 2147483647;
			files = (
			);
			runOnlyForDeploymentPostprocessing = 0;
		};
/* End PBXFrameworksBuildPhase section */

/* Begin PBXGroup section */
		C390BC4028F238B9004336C4 = {
			isa = PBXGroup;
			children = (
				C390BC7428F2DCF3004336C4 /* Localizable.strings */,
				C390BC4B28F238B9004336C4 /* Dogs */,
				C390BC4A28F238B9004336C4 /* Products */,
			);
			sourceTree = "<group>";
		};
		C390BC4A28F238B9004336C4 /* Products */ = {
			isa = PBXGroup;
			children = (
				C390BC4928F238B9004336C4 /* Dogs.app */,
			);
			name = Products;
			sourceTree = "<group>";
		};
		C390BC4B28F238B9004336C4 /* Dogs */ = {
			isa = PBXGroup;
			children = (
				C390BC4C28F238B9004336C4 /* AppDelegate.swift */,
				C390BC4E28F238B9004336C4 /* SceneDelegate.swift */,
				C390BC6628F23A2E004336C4 /* Utilities */,
				C3FA234D28FA422200631EED /* DataAccess */,
				C390BC6328F239FC004336C4 /* Model */,
				C390BC6428F23A04004336C4 /* View */,
				C390BC6528F23A14004336C4 /* Controller */,
				C390BC5828F238BB004336C4 /* Assets.xcassets */,
				C390BC5A28F238BB004336C4 /* LaunchScreen.storyboard */,
				C390BC5D28F238BB004336C4 /* Info.plist */,
				C390BC5528F238B9004336C4 /* Dogs.xcdatamodeld */,
			);
			path = Dogs;
			sourceTree = "<group>";
		};
		C390BC6328F239FC004336C4 /* Model */ = {
			isa = PBXGroup;
			children = (
				C390BC6E28F2965B004336C4 /* ResponseModels.swift */,
				C3FA235028FA7AEA00631EED /* Breed.swift */,
			);
			path = Model;
			sourceTree = "<group>";
		};
		C390BC6428F23A04004336C4 /* View */ = {
			isa = PBXGroup;
			children = (
				C390BC5228F238B9004336C4 /* Main.storyboard */,
				C3FA234928FA2D6100631EED /* BreedImageViewCell.swift */,
				C3FA234A28FA2D6100631EED /* BreedImageViewCell.xib */,
				C3A9525A2900E995006853AE /* BreedTableViewCell.swift */,
				C3A9525B2900E995006853AE /* BreedTableViewCell.xib */,
			);
			path = View;
			sourceTree = "<group>";
		};
		C390BC6528F23A14004336C4 /* Controller */ = {
			isa = PBXGroup;
			children = (
				C390BC5028F238B9004336C4 /* WelcomeViewController.swift */,
				C3B0971728F31247002104F0 /* BreedsTableViewController.swift */,
				C3B0971C28F39103002104F0 /* BreedImagesTableViewController.swift */,
				C3FA235228FB85E600631EED /* FavouriteBreedsTableViewController.swift */,
			);
			path = Controller;
			sourceTree = "<group>";
		};
		C390BC6628F23A2E004336C4 /* Utilities */ = {
			isa = PBXGroup;
			children = (
				C3B0971928F315D0002104F0 /* Extentions */,
				C390BC6728F23DF4004336C4 /* NetworkEngine */,
				C390BC6C28F2420F004336C4 /* DogEndpoint.swift */,
				C3B0971328F30FD5002104F0 /* Constants.swift */,
			);
			path = Utilities;
			sourceTree = "<group>";
		};
		C390BC6728F23DF4004336C4 /* NetworkEngine */ = {
			isa = PBXGroup;
			children = (
				C390BC6828F23E24004336C4 /* NetworkEngine.swift */,
				C390BC6A28F23F7A004336C4 /* Endpoint.swift */,
			);
			path = NetworkEngine;
			sourceTree = "<group>";
		};
		C3B0971928F315D0002104F0 /* Extentions */ = {
			isa = PBXGroup;
			children = (
				C37412C828F79B3F00EEC1CA /* UIImageView+ThumbnailImage.swift */,
			);
			path = Extentions;
			sourceTree = "<group>";
		};
		C3FA234D28FA422200631EED /* DataAccess */ = {
			isa = PBXGroup;
			children = (
				C3FA234E28FA425E00631EED /* ManageFavourites.swift */,
			);
			path = DataAccess;
			sourceTree = "<group>";
		};
/* End PBXGroup section */

/* Begin PBXNativeTarget section */
		C390BC4828F238B9004336C4 /* Dogs */ = {
			isa = PBXNativeTarget;
			buildConfigurationList = C390BC6028F238BB004336C4 /* Build configuration list for PBXNativeTarget "Dogs" */;
			buildPhases = (
				C390BC4528F238B9004336C4 /* Sources */,
				C390BC4628F238B9004336C4 /* Frameworks */,
				C390BC4728F238B9004336C4 /* Resources */,
			);
			buildRules = (
			);
			dependencies = (
			);
			name = Dogs;
			productName = Dogs;
			productReference = C390BC4928F238B9004336C4 /* Dogs.app */;
			productType = "com.apple.product-type.application";
		};
/* End PBXNativeTarget section */

/* Begin PBXProject section */
		C390BC4128F238B9004336C4 /* Project object */ = {
			isa = PBXProject;
			attributes = {
				BuildIndependentTargetsInParallel = 1;
				LastSwiftUpdateCheck = 1310;
				LastUpgradeCheck = 1310;
				TargetAttributes = {
					C390BC4828F238B9004336C4 = {
						CreatedOnToolsVersion = 13.1;
					};
				};
			};
			buildConfigurationList = C390BC4428F238B9004336C4 /* Build configuration list for PBXProject "Dogs" */;
			compatibilityVersion = "Xcode 13.0";
			developmentRegion = en;
			hasScannedForEncodings = 0;
			knownRegions = (
				en,
				Base,
				fr,
			);
			mainGroup = C390BC4028F238B9004336C4;
			productRefGroup = C390BC4A28F238B9004336C4 /* Products */;
			projectDirPath = "";
			projectRoot = "";
			targets = (
				C390BC4828F238B9004336C4 /* Dogs */,
			);
		};
/* End PBXProject section */

/* Begin PBXResourcesBuildPhase section */
		C390BC4728F238B9004336C4 /* Resources */ = {
			isa = PBXResourcesBuildPhase;
			buildActionMask = 2147483647;
			files = (
				C3FA234C28FA2D6100631EED /* BreedImageViewCell.xib in Resources */,
				C390BC5C28F238BB004336C4 /* LaunchScreen.storyboard in Resources */,
				C3A9525D2900E995006853AE /* BreedTableViewCell.xib in Resources */,
				C390BC7228F2DCF3004336C4 /* Localizable.strings in Resources */,
				C390BC5928F238BB004336C4 /* Assets.xcassets in Resources */,
				C390BC5428F238B9004336C4 /* Main.storyboard in Resources */,
			);
			runOnlyForDeploymentPostprocessing = 0;
		};
/* End PBXResourcesBuildPhase section */

/* Begin PBXSourcesBuildPhase section */
		C390BC4528F238B9004336C4 /* Sources */ = {
			isa = PBXSourcesBuildPhase;
			buildActionMask = 2147483647;
			files = (
				C390BC5128F238B9004336C4 /* WelcomeViewController.swift in Sources */,
				C390BC6928F23E24004336C4 /* NetworkEngine.swift in Sources */,
				C3FA234B28FA2D6100631EED /* BreedImageViewCell.swift in Sources */,
				C3FA235128FA7AEA00631EED /* Breed.swift in Sources */,
				C3FA235328FB85E600631EED /* FavouriteBreedsTableViewController.swift in Sources */,
				C3B0971D28F39103002104F0 /* BreedImagesTableViewController.swift in Sources */,
				C3A9525C2900E995006853AE /* BreedTableViewCell.swift in Sources */,
				C3B0971828F31247002104F0 /* BreedsTableViewController.swift in Sources */,
				C390BC6F28F2965B004336C4 /* ResponseModels.swift in Sources */,
				C390BC4D28F238B9004336C4 /* AppDelegate.swift in Sources */,
				C37412C928F79B3F00EEC1CA /* UIImageView+ThumbnailImage.swift in Sources */,
				C3FA234F28FA425E00631EED /* ManageFavourites.swift in Sources */,
				C390BC6D28F2420F004336C4 /* DogEndpoint.swift in Sources */,
				C390BC5728F238B9004336C4 /* Dogs.xcdatamodeld in Sources */,
				C390BC6B28F23F7A004336C4 /* Endpoint.swift in Sources */,
				C390BC4F28F238B9004336C4 /* SceneDelegate.swift in Sources */,
				C3B0971428F30FD5002104F0 /* Constants.swift in Sources */,
			);
			runOnlyForDeploymentPostprocessing = 0;
		};
/* End PBXSourcesBuildPhase section */

/* Begin PBXVariantGroup section */
		C390BC5228F238B9004336C4 /* Main.storyboard */ = {
			isa = PBXVariantGroup;
			children = (
				C390BC5328F238B9004336C4 /* Base */,
				C390BC7528F2DDA1004336C4 /* fr */,
			);
			name = Main.storyboard;
			sourceTree = "<group>";
		};
		C390BC5A28F238BB004336C4 /* LaunchScreen.storyboard */ = {
			isa = PBXVariantGroup;
			children = (
				C390BC5B28F238BB004336C4 /* Base */,
				C390BC7628F2DDA1004336C4 /* fr */,
			);
			name = LaunchScreen.storyboard;
			sourceTree = "<group>";
		};
		C390BC7428F2DCF3004336C4 /* Localizable.strings */ = {
			isa = PBXVariantGroup;
			children = (
				C390BC7328F2DCF3004336C4 /* en */,
				C390BC7728F2DDA1004336C4 /* fr */,
			);
			name = Localizable.strings;
			sourceTree = "<group>";
		};
/* End PBXVariantGroup section */

/* Begin XCBuildConfiguration section */
		C390BC5E28F238BB004336C4 /* Debug */ = {
			isa = XCBuildConfiguration;
			buildSettings = {
				ALWAYS_SEARCH_USER_PATHS = NO;
				CLANG_ANALYZER_LOCALIZABILITY_NONLOCALIZED = YES;
				CLANG_ANALYZER_NONNULL = YES;
				CLANG_ANALYZER_NUMBER_OBJECT_CONVERSION = YES_AGGRESSIVE;
				CLANG_CXX_LANGUAGE_STANDARD = "gnu++17";
				CLANG_CXX_LIBRARY = "libc++";
				CLANG_ENABLE_MODULES = YES;
				CLANG_ENABLE_OBJC_ARC = YES;
				CLANG_ENABLE_OBJC_WEAK = YES;
				CLANG_WARN_BLOCK_CAPTURE_AUTORELEASING = YES;
				CLANG_WARN_BOOL_CONVERSION = YES;
				CLANG_WARN_COMMA = YES;
				CLANG_WARN_CONSTANT_CONVERSION = YES;
				CLANG_WARN_DEPRECATED_OBJC_IMPLEMENTATIONS = YES;
				CLANG_WARN_DIRECT_OBJC_ISA_USAGE = YES_ERROR;
				CLANG_WARN_DOCUMENTATION_COMMENTS = YES;
				CLANG_WARN_EMPTY_BODY = YES;
				CLANG_WARN_ENUM_CONVERSION = YES;
				CLANG_WARN_INFINITE_RECURSION = YES;
				CLANG_WARN_INT_CONVERSION = YES;
				CLANG_WARN_NON_LITERAL_NULL_CONVERSION = YES;
				CLANG_WARN_OBJC_IMPLICIT_RETAIN_SELF = YES;
				CLANG_WARN_OBJC_LITERAL_CONVERSION = YES;
				CLANG_WARN_OBJC_ROOT_CLASS = YES_ERROR;
				CLANG_WARN_QUOTED_INCLUDE_IN_FRAMEWORK_HEADER = YES;
				CLANG_WARN_RANGE_LOOP_ANALYSIS = YES;
				CLANG_WARN_STRICT_PROTOTYPES = YES;
				CLANG_WARN_SUSPICIOUS_MOVE = YES;
				CLANG_WARN_UNGUARDED_AVAILABILITY = YES_AGGRESSIVE;
				CLANG_WARN_UNREACHABLE_CODE = YES;
				CLANG_WARN__DUPLICATE_METHOD_MATCH = YES;
				COPY_PHASE_STRIP = NO;
				DEBUG_INFORMATION_FORMAT = dwarf;
				ENABLE_STRICT_OBJC_MSGSEND = YES;
				ENABLE_TESTABILITY = YES;
				GCC_C_LANGUAGE_STANDARD = gnu11;
				GCC_DYNAMIC_NO_PIC = NO;
				GCC_NO_COMMON_BLOCKS = YES;
				GCC_OPTIMIZATION_LEVEL = 0;
				GCC_PREPROCESSOR_DEFINITIONS = (
					"DEBUG=1",
					"$(inherited)",
				);
				GCC_WARN_64_TO_32_BIT_CONVERSION = YES;
				GCC_WARN_ABOUT_RETURN_TYPE = YES_ERROR;
				GCC_WARN_UNDECLARED_SELECTOR = YES;
				GCC_WARN_UNINITIALIZED_AUTOS = YES_AGGRESSIVE;
				GCC_WARN_UNUSED_FUNCTION = YES;
				GCC_WARN_UNUSED_VARIABLE = YES;
				IPHONEOS_DEPLOYMENT_TARGET = 15.0;
				MTL_ENABLE_DEBUG_INFO = INCLUDE_SOURCE;
				MTL_FAST_MATH = YES;
				ONLY_ACTIVE_ARCH = YES;
				SDKROOT = iphoneos;
				SWIFT_ACTIVE_COMPILATION_CONDITIONS = DEBUG;
				SWIFT_OPTIMIZATION_LEVEL = "-Onone";
			};
			name = Debug;
		};
		C390BC5F28F238BB004336C4 /* Release */ = {
			isa = XCBuildConfiguration;
			buildSettings = {
				ALWAYS_SEARCH_USER_PATHS = NO;
				CLANG_ANALYZER_LOCALIZABILITY_NONLOCALIZED = YES;
				CLANG_ANALYZER_NONNULL = YES;
				CLANG_ANALYZER_NUMBER_OBJECT_CONVERSION = YES_AGGRESSIVE;
				CLANG_CXX_LANGUAGE_STANDARD = "gnu++17";
				CLANG_CXX_LIBRARY = "libc++";
				CLANG_ENABLE_MODULES = YES;
				CLANG_ENABLE_OBJC_ARC = YES;
				CLANG_ENABLE_OBJC_WEAK = YES;
				CLANG_WARN_BLOCK_CAPTURE_AUTORELEASING = YES;
				CLANG_WARN_BOOL_CONVERSION = YES;
				CLANG_WARN_COMMA = YES;
				CLANG_WARN_CONSTANT_CONVERSION = YES;
				CLANG_WARN_DEPRECATED_OBJC_IMPLEMENTATIONS = YES;
				CLANG_WARN_DIRECT_OBJC_ISA_USAGE = YES_ERROR;
				CLANG_WARN_DOCUMENTATION_COMMENTS = YES;
				CLANG_WARN_EMPTY_BODY = YES;
				CLANG_WARN_ENUM_CONVERSION = YES;
				CLANG_WARN_INFINITE_RECURSION = YES;
				CLANG_WARN_INT_CONVERSION = YES;
				CLANG_WARN_NON_LITERAL_NULL_CONVERSION = YES;
				CLANG_WARN_OBJC_IMPLICIT_RETAIN_SELF = YES;
				CLANG_WARN_OBJC_LITERAL_CONVERSION = YES;
				CLANG_WARN_OBJC_ROOT_CLASS = YES_ERROR;
				CLANG_WARN_QUOTED_INCLUDE_IN_FRAMEWORK_HEADER = YES;
				CLANG_WARN_RANGE_LOOP_ANALYSIS = YES;
				CLANG_WARN_STRICT_PROTOTYPES = YES;
				CLANG_WARN_SUSPICIOUS_MOVE = YES;
				CLANG_WARN_UNGUARDED_AVAILABILITY = YES_AGGRESSIVE;
				CLANG_WARN_UNREACHABLE_CODE = YES;
				CLANG_WARN__DUPLICATE_METHOD_MATCH = YES;
				COPY_PHASE_STRIP = NO;
				DEBUG_INFORMATION_FORMAT = "dwarf-with-dsym";
				ENABLE_NS_ASSERTIONS = NO;
				ENABLE_STRICT_OBJC_MSGSEND = YES;
				GCC_C_LANGUAGE_STANDARD = gnu11;
				GCC_NO_COMMON_BLOCKS = YES;
				GCC_WARN_64_TO_32_BIT_CONVERSION = YES;
				GCC_WARN_ABOUT_RETURN_TYPE = YES_ERROR;
				GCC_WARN_UNDECLARED_SELECTOR = YES;
				GCC_WARN_UNINITIALIZED_AUTOS = YES_AGGRESSIVE;
				GCC_WARN_UNUSED_FUNCTION = YES;
				GCC_WARN_UNUSED_VARIABLE = YES;
				IPHONEOS_DEPLOYMENT_TARGET = 15.0;
				MTL_ENABLE_DEBUG_INFO = NO;
				MTL_FAST_MATH = YES;
				SDKROOT = iphoneos;
				SWIFT_COMPILATION_MODE = wholemodule;
				SWIFT_OPTIMIZATION_LEVEL = "-O";
				VALIDATE_PRODUCT = YES;
			};
			name = Release;
		};
		C390BC6128F238BB004336C4 /* Debug */ = {
			isa = XCBuildConfiguration;
			buildSettings = {
				ASSETCATALOG_COMPILER_APPICON_NAME = AppIcon;
				ASSETCATALOG_COMPILER_GLOBAL_ACCENT_COLOR_NAME = AccentColor;
				CODE_SIGN_STYLE = Automatic;
				CURRENT_PROJECT_VERSION = 1;
				GENERATE_INFOPLIST_FILE = YES;
				INFOPLIST_FILE = Dogs/Info.plist;
				INFOPLIST_KEY_CFBundleDisplayName = Doggies;
				INFOPLIST_KEY_UIApplicationSupportsIndirectInputEvents = YES;
				INFOPLIST_KEY_UILaunchStoryboardName = LaunchScreen;
				INFOPLIST_KEY_UIMainStoryboardFile = Main;
				INFOPLIST_KEY_UISupportedInterfaceOrientations = UIInterfaceOrientationPortrait;
				LD_RUNPATH_SEARCH_PATHS = (
					"$(inherited)",
					"@executable_path/Frameworks",
				);
				MARKETING_VERSION = 1.0;
				PRODUCT_BUNDLE_IDENTIFIER = com.ganuke.dogs.Dogs;
				PRODUCT_NAME = "$(TARGET_NAME)";
				SWIFT_EMIT_LOC_STRINGS = YES;
				SWIFT_VERSION = 5.0;
				TARGETED_DEVICE_FAMILY = 1;
			};
			name = Debug;
		};
		C390BC6228F238BB004336C4 /* Release */ = {
			isa = XCBuildConfiguration;
			buildSettings = {
				ASSETCATALOG_COMPILER_APPICON_NAME = AppIcon;
				ASSETCATALOG_COMPILER_GLOBAL_ACCENT_COLOR_NAME = AccentColor;
				CODE_SIGN_STYLE = Automatic;
				CURRENT_PROJECT_VERSION = 1;
				GENERATE_INFOPLIST_FILE = YES;
				INFOPLIST_FILE = Dogs/Info.plist;
				INFOPLIST_KEY_CFBundleDisplayName = Doggies;
				INFOPLIST_KEY_UIApplicationSupportsIndirectInputEvents = YES;
				INFOPLIST_KEY_UILaunchStoryboardName = LaunchScreen;
				INFOPLIST_KEY_UIMainStoryboardFile = Main;
				INFOPLIST_KEY_UISupportedInterfaceOrientations = UIInterfaceOrientationPortrait;
				LD_RUNPATH_SEARCH_PATHS = (
					"$(inherited)",
					"@executable_path/Frameworks",
				);
				MARKETING_VERSION = 1.0;
				PRODUCT_BUNDLE_IDENTIFIER = com.ganuke.dogs.Dogs;
				PRODUCT_NAME = "$(TARGET_NAME)";
				SWIFT_EMIT_LOC_STRINGS = YES;
				SWIFT_VERSION = 5.0;
				TARGETED_DEVICE_FAMILY = 1;
			};
			name = Release;
		};
/* End XCBuildConfiguration section */

/* Begin XCConfigurationList section */
		C390BC4428F238B9004336C4 /* Build configuration list for PBXProject "Dogs" */ = {
			isa = XCConfigurationList;
			buildConfigurations = (
				C390BC5E28F238BB004336C4 /* Debug */,
				C390BC5F28F238BB004336C4 /* Release */,
			);
			defaultConfigurationIsVisible = 0;
			defaultConfigurationName = Release;
		};
		C390BC6028F238BB004336C4 /* Build configuration list for PBXNativeTarget "Dogs" */ = {
			isa = XCConfigurationList;
			buildConfigurations = (
				C390BC6128F238BB004336C4 /* Debug */,
				C390BC6228F238BB004336C4 /* Release */,
			);
			defaultConfigurationIsVisible = 0;
			defaultConfigurationName = Release;
		};
/* End XCConfigurationList section */

/* Begin XCVersionGroup section */
		C390BC5528F238B9004336C4 /* Dogs.xcdatamodeld */ = {
			isa = XCVersionGroup;
			children = (
				C390BC5628F238B9004336C4 /* Dogs.xcdatamodel */,
			);
			currentVersion = C390BC5628F238B9004336C4 /* Dogs.xcdatamodel */;
			path = Dogs.xcdatamodeld;
			sourceTree = "<group>";
			versionGroupType = wrapper.xcdatamodel;
		};
/* End XCVersionGroup section */
	};
	rootObject = C390BC4128F238B9004336C4 /* Project object */;
}
